
Microsoft Visual Studio Solution File, Format Version 12.00
# Visual Studio Version 17
VisualStudioVersion = 17.11.35222.181
MinimumVisualStudioVersion = 10.0.40219.1
Project("{9A19103F-16F7-4668-BE54-9A1E7A4F7556}") = "BritishInvasion", "BritishInvasion.csproj", "{DFE9284B-BE26-492C-97F8-0C01B270C0CD}"
EndProject
Global
	GlobalSection(SolutionConfigurationPlatforms) = preSolution
		Debug|Any CPU = Debug|Any CPU
		Release|Any CPU = Release|Any CPU
	EndGlobalSection
	GlobalSection(ProjectConfigurationPlatforms) = postSolution
		{DFE9284B-BE26-492C-97F8-0C01B270C0CD}.Debug|Any CPU.ActiveCfg = Debug|Any CPU
		{DFE9284B-BE26-492C-97F8-0C01B270C0CD}.Debug|Any CPU.Build.0 = Debug|Any CPU
		{DFE9284B-BE26-492C-97F8-0C01B270C0CD}.Release|Any CPU.ActiveCfg = Release|Any CPU
		{DFE9284B-BE26-492C-97F8-0C01B270C0CD}.Release|Any CPU.Build.0 = Release|Any CPU
	EndGlobalSection
	GlobalSection(SolutionProperties) = preSolution
		HideSolutionNode = FALSE
	EndGlobalSection
	GlobalSection(ExtensibilityGlobals) = postSolution
		SolutionGuid = {DAF39589-65E2-45B2-8A99-9F0FD32691A1}
	EndGlobalSection
EndGlobal
